<?xml version="1.0" encoding="utf-8"?>
<Project ToolsVersion="16.0" xmlns="http://schemas.microsoft.com/developer/msbuild/2003">
  <ItemGroup>
    <ClCompile Include="E:\Program Files (x86)\Solution Folder C++\Pistonworks Engine\dependencies\audio_win64\freealut-master\src\alutBufferData.c">
      <Filter>Source Files</Filter>
    </ClCompile>
    <ClCompile Include="E:\Program Files (x86)\Solution Folder C++\Pistonworks Engine\dependencies\audio_win64\freealut-master\src\alutCodec.c">
      <Filter>Source Files</Filter>
    </ClCompile>
    <ClCompile Include="E:\Program Files (x86)\Solution Folder C++\Pistonworks Engine\dependencies\audio_win64\freealut-master\src\alutError.c">
      <Filter>Source Files</Filter>
    </ClCompile>
    <ClCompile Include="E:\Program Files (x86)\Solution Folder C++\Pistonworks Engine\dependencies\audio_win64\freealut-master\src\alutInit.c">
      <Filter>Source Files</Filter>
    </ClCompile>
    <ClCompile Include="E:\Program Files (x86)\Solution Folder C++\Pistonworks Engine\dependencies\audio_win64\freealut-master\src\alutInputStream.c">
      <Filter>Source Files</Filter>
    </ClCompile>
    <ClCompile Include="E:\Program Files (x86)\Solution Folder C++\Pistonworks Engine\dependencies\audio_win64\freealut-master\src\alutLoader.c">
      <Filter>Source Files</Filter>
    </ClCompile>
    <ClCompile Include="E:\Program Files (x86)\Solution Folder C++\Pistonworks Engine\dependencies\audio_win64\freealut-master\src\alutOutputStream.c">
      <Filter>Source Files</Filter>
    </ClCompile>
    <ClCompile Include="E:\Program Files (x86)\Solution Folder C++\Pistonworks Engine\dependencies\audio_win64\freealut-master\src\alutUtil.c">
      <Filter>Source Files</Filter>
    </ClCompile>
    <ClCompile Include="E:\Program Files (x86)\Solution Folder C++\Pistonworks Engine\dependencies\audio_win64\freealut-master\src\alutVersion.c">
      <Filter>Source Files</Filter>
    </ClCompile>
    <ClCompile Include="E:\Program Files (x86)\Solution Folder C++\Pistonworks Engine\dependencies\audio_win64\freealut-master\src\alutWaveform.c">
      <Filter>Source Files</Filter>
    </ClCompile>
  </ItemGroup>
  <ItemGroup>
    <ClInclude Include="E:\Program Files (x86)\Solution Folder C++\Pistonworks Engine\dependencies\audio_win64\freealut-master\src\alutInternal.h">
      <Filter>InternalHeader</Filter>
    </ClInclude>
    <ClInclude Include="E:\Program Files (x86)\Solution Folder C++\Pistonworks Engine\dependencies\audio_win64\freealut-master\include\AL\alut.h">
      <Filter>APIHeader</Filter>
    </ClInclude>
  </ItemGroup>
  <ItemGroup>
    <CustomBuild Include="E:\Program Files (x86)\Solution Folder C++\Pistonworks Engine\dependencies\audio_win64\freealut-master\src\CMakeLists.txt" />
  </ItemGroup>
  <ItemGroup>
    <Filter Include="APIHeader">
      <UniqueIdentifier>{CA42EA98-FBAD-37A1-9B23-945F64A8D998}</UniqueIdentifier>
    </Filter>
    <Filter Include="InternalHeader">
      <UniqueIdentifier>{8AEE85BA-1FE8-3396-87A6-E6E540E66AEB}</UniqueIdentifier>
    </Filter>
    <Filter Include="Source Files">
      <UniqueIdentifier>{B6DB2701-C47B-3918-8E8D-4D7B4222D655}</UniqueIdentifier>
    </Filter>
  </ItemGroup>
</Project>
