<?xml version="1.0" encoding="utf-8"?>
<Project ToolsVersion="16.0" xmlns="http://schemas.microsoft.com/developer/msbuild/2003">
  <ItemGroup>
    <CustomBuild Include="E:\Program Files (x86)\Solution Folder C++\Pistonworks Engine\dependencies\audio_win64\Alut\CMakeFiles\eddf4635d1a8a1fef7d24e2935275c16\INSTALL_force.rule">
      <Filter>CMake Rules</Filter>
    </CustomBuild>
  </ItemGroup>
  <ItemGroup>
    <Filter Include="CMake Rules">
      <UniqueIdentifier>{1BB9C8CF-1075-35DA-86FA-BA0DBEA87082}</UniqueIdentifier>
    </Filter>
  </ItemGroup>
</Project>
