
Microsoft Visual Studio Solution File, Format Version 12.00
# Visual Studio Version 16
Project("{8BC9CEB8-8B4A-11D0-8D11-00A0C91BC942}") = "ALL_BUILD", "ALL_BUILD.vcxproj", "{ACE0D73A-2FA6-316B-B030-3204DC4730EE}"
	ProjectSection(ProjectDependencies) = postProject
		{FA742F6C-CB0B-38A7-AC1C-A4AEF4826D9B} = {FA742F6C-CB0B-38A7-AC1C-A4AEF4826D9B}
		{C5BF8894-B186-3F23-A75D-25CCC822384E} = {C5BF8894-B186-3F23-A75D-25CCC822384E}
		{E79FC274-BAE6-3DF5-A978-C6AE2381BFB9} = {E79FC274-BAE6-3DF5-A978-C6AE2381BFB9}
	EndProjectSection
EndProject
Project("{8BC9CEB8-8B4A-11D0-8D11-00A0C91BC942}") = "INSTALL", "INSTALL.vcxproj", "{8C98055E-11EA-35BB-AA1A-E9AB8071370C}"
	ProjectSection(ProjectDependencies) = postProject
		{ACE0D73A-2FA6-316B-B030-3204DC4730EE} = {ACE0D73A-2FA6-316B-B030-3204DC4730EE}
		{FA742F6C-CB0B-38A7-AC1C-A4AEF4826D9B} = {FA742F6C-CB0B-38A7-AC1C-A4AEF4826D9B}
	EndProjectSection
EndProject
Project("{8BC9CEB8-8B4A-11D0-8D11-00A0C91BC942}") = "ZERO_CHECK", "ZERO_CHECK.vcxproj", "{FA742F6C-CB0B-38A7-AC1C-A4AEF4826D9B}"
	ProjectSection(ProjectDependencies) = postProject
	EndProjectSection
EndProject
Project("{8BC9CEB8-8B4A-11D0-8D11-00A0C91BC942}") = "alut", "src\alut.vcxproj", "{C5BF8894-B186-3F23-A75D-25CCC822384E}"
	ProjectSection(ProjectDependencies) = postProject
		{FA742F6C-CB0B-38A7-AC1C-A4AEF4826D9B} = {FA742F6C-CB0B-38A7-AC1C-A4AEF4826D9B}
	EndProjectSection
EndProject
Project("{8BC9CEB8-8B4A-11D0-8D11-00A0C91BC942}") = "alut_static", "src\alut_static.vcxproj", "{E79FC274-BAE6-3DF5-A978-C6AE2381BFB9}"
	ProjectSection(ProjectDependencies) = postProject
		{FA742F6C-CB0B-38A7-AC1C-A4AEF4826D9B} = {FA742F6C-CB0B-38A7-AC1C-A4AEF4826D9B}
	EndProjectSection
EndProject
Global
	GlobalSection(SolutionConfigurationPlatforms) = preSolution
		Debug|x64 = Debug|x64
		Release|x64 = Release|x64
		MinSizeRel|x64 = MinSizeRel|x64
		RelWithDebInfo|x64 = RelWithDebInfo|x64
	EndGlobalSection
	GlobalSection(ProjectConfigurationPlatforms) = postSolution
		{ACE0D73A-2FA6-316B-B030-3204DC4730EE}.Debug|x64.ActiveCfg = Debug|x64
		{ACE0D73A-2FA6-316B-B030-3204DC4730EE}.Debug|x64.Build.0 = Debug|x64
		{ACE0D73A-2FA6-316B-B030-3204DC4730EE}.Release|x64.ActiveCfg = Release|x64
		{ACE0D73A-2FA6-316B-B030-3204DC4730EE}.Release|x64.Build.0 = Release|x64
		{ACE0D73A-2FA6-316B-B030-3204DC4730EE}.MinSizeRel|x64.ActiveCfg = MinSizeRel|x64
		{ACE0D73A-2FA6-316B-B030-3204DC4730EE}.MinSizeRel|x64.Build.0 = MinSizeRel|x64
		{ACE0D73A-2FA6-316B-B030-3204DC4730EE}.RelWithDebInfo|x64.ActiveCfg = RelWithDebInfo|x64
		{ACE0D73A-2FA6-316B-B030-3204DC4730EE}.RelWithDebInfo|x64.Build.0 = RelWithDebInfo|x64
		{8C98055E-11EA-35BB-AA1A-E9AB8071370C}.Debug|x64.ActiveCfg = Debug|x64
		{8C98055E-11EA-35BB-AA1A-E9AB8071370C}.Release|x64.ActiveCfg = Release|x64
		{8C98055E-11EA-35BB-AA1A-E9AB8071370C}.MinSizeRel|x64.ActiveCfg = MinSizeRel|x64
		{8C98055E-11EA-35BB-AA1A-E9AB8071370C}.RelWithDebInfo|x64.ActiveCfg = RelWithDebInfo|x64
		{FA742F6C-CB0B-38A7-AC1C-A4AEF4826D9B}.Debug|x64.ActiveCfg = Debug|x64
		{FA742F6C-CB0B-38A7-AC1C-A4AEF4826D9B}.Debug|x64.Build.0 = Debug|x64
		{FA742F6C-CB0B-38A7-AC1C-A4AEF4826D9B}.Release|x64.ActiveCfg = Release|x64
		{FA742F6C-CB0B-38A7-AC1C-A4AEF4826D9B}.Release|x64.Build.0 = Release|x64
		{FA742F6C-CB0B-38A7-AC1C-A4AEF4826D9B}.MinSizeRel|x64.ActiveCfg = MinSizeRel|x64
		{FA742F6C-CB0B-38A7-AC1C-A4AEF4826D9B}.MinSizeRel|x64.Build.0 = MinSizeRel|x64
		{FA742F6C-CB0B-38A7-AC1C-A4AEF4826D9B}.RelWithDebInfo|x64.ActiveCfg = RelWithDebInfo|x64
		{FA742F6C-CB0B-38A7-AC1C-A4AEF4826D9B}.RelWithDebInfo|x64.Build.0 = RelWithDebInfo|x64
		{C5BF8894-B186-3F23-A75D-25CCC822384E}.Debug|x64.ActiveCfg = Debug|x64
		{C5BF8894-B186-3F23-A75D-25CCC822384E}.Debug|x64.Build.0 = Debug|x64
		{C5BF8894-B186-3F23-A75D-25CCC822384E}.Release|x64.ActiveCfg = Release|x64
		{C5BF8894-B186-3F23-A75D-25CCC822384E}.Release|x64.Build.0 = Release|x64
		{C5BF8894-B186-3F23-A75D-25CCC822384E}.MinSizeRel|x64.ActiveCfg = MinSizeRel|x64
		{C5BF8894-B186-3F23-A75D-25CCC822384E}.MinSizeRel|x64.Build.0 = MinSizeRel|x64
		{C5BF8894-B186-3F23-A75D-25CCC822384E}.RelWithDebInfo|x64.ActiveCfg = RelWithDebInfo|x64
		{C5BF8894-B186-3F23-A75D-25CCC822384E}.RelWithDebInfo|x64.Build.0 = RelWithDebInfo|x64
		{E79FC274-BAE6-3DF5-A978-C6AE2381BFB9}.Debug|x64.ActiveCfg = Debug|x64
		{E79FC274-BAE6-3DF5-A978-C6AE2381BFB9}.Debug|x64.Build.0 = Debug|x64
		{E79FC274-BAE6-3DF5-A978-C6AE2381BFB9}.Release|x64.ActiveCfg = Release|x64
		{E79FC274-BAE6-3DF5-A978-C6AE2381BFB9}.Release|x64.Build.0 = Release|x64
		{E79FC274-BAE6-3DF5-A978-C6AE2381BFB9}.MinSizeRel|x64.ActiveCfg = MinSizeRel|x64
		{E79FC274-BAE6-3DF5-A978-C6AE2381BFB9}.MinSizeRel|x64.Build.0 = MinSizeRel|x64
		{E79FC274-BAE6-3DF5-A978-C6AE2381BFB9}.RelWithDebInfo|x64.ActiveCfg = RelWithDebInfo|x64
		{E79FC274-BAE6-3DF5-A978-C6AE2381BFB9}.RelWithDebInfo|x64.Build.0 = RelWithDebInfo|x64
	EndGlobalSection
	GlobalSection(ExtensibilityGlobals) = postSolution
		SolutionGuid = {EC33ECA7-6DA2-3F9F-8872-814CD687A73F}
	EndGlobalSection
	GlobalSection(ExtensibilityAddIns) = postSolution
	EndGlobalSection
EndGlobal
